// !$*UTF8*$!
{
	archiveVersion = 1;
	classes = {
	};
	objectVersion = 56;
	objects = {

/* Begin PBXBuildFile section */
		EA07ED232AE1FE58003AD72B /* Peer2PeerApp.swift in Sources */ = {isa = PBXBuildFile; fileRef = EA07ED222AE1FE58003AD72B /* Peer2PeerApp.swift */; };
		EA07ED252AE1FE58003AD72B /* ContentView.swift in Sources */ = {isa = PBXBuildFile; fileRef = EA07ED242AE1FE58003AD72B /* ContentView.swift */; };
		EA07ED272AE1FE59003AD72B /* Assets.xcassets in Resources */ = {isa = PBXBuildFile; fileRef = EA07ED262AE1FE59003AD72B /* Assets.xcassets */; };
		EA07ED2A2AE1FE59003AD72B /* Preview Assets.xcassets in Resources */ = {isa = PBXBuildFile; fileRef = EA07ED292AE1FE59003AD72B /* Preview Assets.xcassets */; };
		EA07ED382AE1FF30003AD72B /* LoginView.swift in Sources */ = {isa = PBXBuildFile; fileRef = EA07ED372AE1FF30003AD72B /* LoginView.swift */; };
		EA34C7CA2AE60BDF00FCED81 /* InputView.swift in Sources */ = {isa = PBXBuildFile; fileRef = EA34C7C92AE60BDF00FCED81 /* InputView.swift */; };
		EA59888E2AE722E900B033A1 /* RegistrationView.swift in Sources */ = {isa = PBXBuildFile; fileRef = EA59888D2AE722E900B033A1 /* RegistrationView.swift */; };
		EA5988902AE7287300B033A1 /* ProfileView.swift in Sources */ = {isa = PBXBuildFile; fileRef = EA59888F2AE7287300B033A1 /* ProfileView.swift */; };
		EA5988922AE72A9F00B033A1 /* SettingsRowView.swift in Sources */ = {isa = PBXBuildFile; fileRef = EA5988912AE72A9F00B033A1 /* SettingsRowView.swift */; };
		EA5988942AE75D7D00B033A1 /* User.swift in Sources */ = {isa = PBXBuildFile; fileRef = EA5988932AE75D7D00B033A1 /* User.swift */; };
		EAB5D28D2AE9FC31008D42FC /* FirebaseAnalytics in Frameworks */ = {isa = PBXBuildFile; productRef = EAB5D28C2AE9FC31008D42FC /* FirebaseAnalytics */; };
		EAB5D28F2AE9FC31008D42FC /* FirebaseAnalyticsOnDeviceConversion in Frameworks */ = {isa = PBXBuildFile; productRef = EAB5D28E2AE9FC31008D42FC /* FirebaseAnalyticsOnDeviceConversion */; };
		EAB5D2912AE9FC31008D42FC /* FirebaseAnalyticsSwift in Frameworks */ = {isa = PBXBuildFile; productRef = EAB5D2902AE9FC31008D42FC /* FirebaseAnalyticsSwift */; };
		EAB5D2932AE9FC31008D42FC /* FirebaseAnalyticsWithoutAdIdSupport in Frameworks */ = {isa = PBXBuildFile; productRef = EAB5D2922AE9FC31008D42FC /* FirebaseAnalyticsWithoutAdIdSupport */; };
		EAB5D2952AE9FC31008D42FC /* FirebaseAppCheck in Frameworks */ = {isa = PBXBuildFile; productRef = EAB5D2942AE9FC31008D42FC /* FirebaseAppCheck */; };
		EAB5D2972AE9FC31008D42FC /* FirebaseAppDistribution-Beta in Frameworks */ = {isa = PBXBuildFile; productRef = EAB5D2962AE9FC31008D42FC /* FirebaseAppDistribution-Beta */; };
		EAB5D2992AE9FC31008D42FC /* FirebaseAuth in Frameworks */ = {isa = PBXBuildFile; productRef = EAB5D2982AE9FC31008D42FC /* FirebaseAuth */; };
		EAB5D29B2AE9FC31008D42FC /* FirebaseAuthCombine-Community in Frameworks */ = {isa = PBXBuildFile; productRef = EAB5D29A2AE9FC31008D42FC /* FirebaseAuthCombine-Community */; };
		EAB5D29D2AE9FC31008D42FC /* FirebaseCrashlytics in Frameworks */ = {isa = PBXBuildFile; productRef = EAB5D29C2AE9FC31008D42FC /* FirebaseCrashlytics */; };
		EAB5D29F2AE9FC31008D42FC /* FirebaseDatabase in Frameworks */ = {isa = PBXBuildFile; productRef = EAB5D29E2AE9FC31008D42FC /* FirebaseDatabase */; };
		EAB5D2A12AE9FC31008D42FC /* FirebaseDatabaseSwift in Frameworks */ = {isa = PBXBuildFile; productRef = EAB5D2A02AE9FC31008D42FC /* FirebaseDatabaseSwift */; };
		EAB5D2A32AE9FC31008D42FC /* FirebaseDynamicLinks in Frameworks */ = {isa = PBXBuildFile; productRef = EAB5D2A22AE9FC31008D42FC /* FirebaseDynamicLinks */; };
		EAB5D2A52AE9FC31008D42FC /* FirebaseFirestore in Frameworks */ = {isa = PBXBuildFile; productRef = EAB5D2A42AE9FC31008D42FC /* FirebaseFirestore */; };
		EAB5D2A72AE9FC31008D42FC /* FirebaseFirestoreCombine-Community in Frameworks */ = {isa = PBXBuildFile; productRef = EAB5D2A62AE9FC31008D42FC /* FirebaseFirestoreCombine-Community */; };
		EAB5D2A92AE9FC31008D42FC /* FirebaseFirestoreSwift in Frameworks */ = {isa = PBXBuildFile; productRef = EAB5D2A82AE9FC31008D42FC /* FirebaseFirestoreSwift */; };
		EAB5D2AB2AE9FC31008D42FC /* FirebaseFunctions in Frameworks */ = {isa = PBXBuildFile; productRef = EAB5D2AA2AE9FC31008D42FC /* FirebaseFunctions */; };
		EAB5D2AD2AE9FC31008D42FC /* FirebaseFunctionsCombine-Community in Frameworks */ = {isa = PBXBuildFile; productRef = EAB5D2AC2AE9FC31008D42FC /* FirebaseFunctionsCombine-Community */; };
		EAB5D2AF2AE9FC31008D42FC /* FirebaseInAppMessaging-Beta in Frameworks */ = {isa = PBXBuildFile; productRef = EAB5D2AE2AE9FC31008D42FC /* FirebaseInAppMessaging-Beta */; };
		EAB5D2B12AE9FC31008D42FC /* FirebaseInAppMessagingSwift-Beta in Frameworks */ = {isa = PBXBuildFile; productRef = EAB5D2B02AE9FC31008D42FC /* FirebaseInAppMessagingSwift-Beta */; };
		EAB5D2B32AE9FC31008D42FC /* FirebaseInstallations in Frameworks */ = {isa = PBXBuildFile; productRef = EAB5D2B22AE9FC31008D42FC /* FirebaseInstallations */; };
		EAB5D2B52AE9FC31008D42FC /* FirebaseMLModelDownloader in Frameworks */ = {isa = PBXBuildFile; productRef = EAB5D2B42AE9FC31008D42FC /* FirebaseMLModelDownloader */; };
		EAB5D2B72AE9FC31008D42FC /* FirebaseMessaging in Frameworks */ = {isa = PBXBuildFile; productRef = EAB5D2B62AE9FC31008D42FC /* FirebaseMessaging */; };
		EAB5D2B92AE9FC31008D42FC /* FirebasePerformance in Frameworks */ = {isa = PBXBuildFile; productRef = EAB5D2B82AE9FC31008D42FC /* FirebasePerformance */; };
		EAB5D2BB2AE9FC31008D42FC /* FirebaseRemoteConfig in Frameworks */ = {isa = PBXBuildFile; productRef = EAB5D2BA2AE9FC31008D42FC /* FirebaseRemoteConfig */; };
		EAB5D2BD2AE9FC31008D42FC /* FirebaseRemoteConfigSwift in Frameworks */ = {isa = PBXBuildFile; productRef = EAB5D2BC2AE9FC31008D42FC /* FirebaseRemoteConfigSwift */; };
		EAB5D2BF2AE9FC31008D42FC /* FirebaseStorage in Frameworks */ = {isa = PBXBuildFile; productRef = EAB5D2BE2AE9FC31008D42FC /* FirebaseStorage */; };
		EAB5D2C12AE9FC31008D42FC /* FirebaseStorageCombine-Community in Frameworks */ = {isa = PBXBuildFile; productRef = EAB5D2C02AE9FC31008D42FC /* FirebaseStorageCombine-Community */; };
		EAB5D2C52AE9FD69008D42FC /* AuthViewModel.swift in Sources */ = {isa = PBXBuildFile; fileRef = EAB5D2C42AE9FD69008D42FC /* AuthViewModel.swift */; };
		EAE37AA22C65547A00C6DA2D /* GoogleService-Info.plist in Resources */ = {isa = PBXBuildFile; fileRef = EAE37AA12C65547A00C6DA2D /* GoogleService-Info.plist */; };
/* End PBXBuildFile section */

/* Begin PBXFileReference section */
		EA07ED1F2AE1FE58003AD72B /* Peer2Peer.app */ = {isa = PBXFileReference; explicitFileType = wrapper.application; includeInIndex = 0; path = Peer2Peer.app; sourceTree = BUILT_PRODUCTS_DIR; };
		EA07ED222AE1FE58003AD72B /* Peer2PeerApp.swift */ = {isa = PBXFileReference; lastKnownFileType = sourcecode.swift; path = Peer2PeerApp.swift; sourceTree = "<group>"; };
		EA07ED242AE1FE58003AD72B /* ContentView.swift */ = {isa = PBXFileReference; lastKnownFileType = sourcecode.swift; path = ContentView.swift; sourceTree = "<group>"; };
		EA07ED262AE1FE59003AD72B /* Assets.xcassets */ = {isa = PBXFileReference; lastKnownFileType = folder.assetcatalog; path = Assets.xcassets; sourceTree = "<group>"; };
		EA07ED292AE1FE59003AD72B /* Preview Assets.xcassets */ = {isa = PBXFileReference; lastKnownFileType = folder.assetcatalog; path = "Preview Assets.xcassets"; sourceTree = "<group>"; };
		EA07ED372AE1FF30003AD72B /* LoginView.swift */ = {isa = PBXFileReference; lastKnownFileType = sourcecode.swift; path = LoginView.swift; sourceTree = "<group>"; };
		EA34C7C92AE60BDF00FCED81 /* InputView.swift */ = {isa = PBXFileReference; lastKnownFileType = sourcecode.swift; path = InputView.swift; sourceTree = "<group>"; };
		EA59888D2AE722E900B033A1 /* RegistrationView.swift */ = {isa = PBXFileReference; lastKnownFileType = sourcecode.swift; path = RegistrationView.swift; sourceTree = "<group>"; };
		EA59888F2AE7287300B033A1 /* ProfileView.swift */ = {isa = PBXFileReference; lastKnownFileType = sourcecode.swift; path = ProfileView.swift; sourceTree = "<group>"; };
		EA5988912AE72A9F00B033A1 /* SettingsRowView.swift */ = {isa = PBXFileReference; lastKnownFileType = sourcecode.swift; path = SettingsRowView.swift; sourceTree = "<group>"; };
		EA5988932AE75D7D00B033A1 /* User.swift */ = {isa = PBXFileReference; lastKnownFileType = sourcecode.swift; path = User.swift; sourceTree = "<group>"; };
		EAB5D2C42AE9FD69008D42FC /* AuthViewModel.swift */ = {isa = PBXFileReference; lastKnownFileType = sourcecode.swift; path = AuthViewModel.swift; sourceTree = "<group>"; };
		EAE37AA12C65547A00C6DA2D /* GoogleService-Info.plist */ = {isa = PBXFileReference; fileEncoding = 4; lastKnownFileType = text.plist.xml; path = "GoogleService-Info.plist"; sourceTree = "<group>"; };
/* End PBXFileReference section */

/* Begin PBXFrameworksBuildPhase section */
		EA07ED1C2AE1FE58003AD72B /* Frameworks */ = {
			isa = PBXFrameworksBuildPhase;
			buildActionMask = 2147483647;
			files = (
				EAB5D29F2AE9FC31008D42FC /* FirebaseDatabase in Frameworks */,
				EAB5D2AD2AE9FC31008D42FC /* FirebaseFunctionsCombine-Community in Frameworks */,
				EAB5D2A52AE9FC31008D42FC /* FirebaseFirestore in Frameworks */,
				EAB5D2912AE9FC31008D42FC /* FirebaseAnalyticsSwift in Frameworks */,
				EAB5D28D2AE9FC31008D42FC /* FirebaseAnalytics in Frameworks */,
				EAB5D28F2AE9FC31008D42FC /* FirebaseAnalyticsOnDeviceConversion in Frameworks */,
				EAB5D2B52AE9FC31008D42FC /* FirebaseMLModelDownloader in Frameworks */,
				EAB5D2A92AE9FC31008D42FC /* FirebaseFirestoreSwift in Frameworks */,
				EAB5D2952AE9FC31008D42FC /* FirebaseAppCheck in Frameworks */,
				EAB5D2932AE9FC31008D42FC /* FirebaseAnalyticsWithoutAdIdSupport in Frameworks */,
				EAB5D2992AE9FC31008D42FC /* FirebaseAuth in Frameworks */,
				EAB5D29D2AE9FC31008D42FC /* FirebaseCrashlytics in Frameworks */,
				EAB5D2BD2AE9FC31008D42FC /* FirebaseRemoteConfigSwift in Frameworks */,
				EAB5D2AF2AE9FC31008D42FC /* FirebaseInAppMessaging-Beta in Frameworks */,
				EAB5D2A12AE9FC31008D42FC /* FirebaseDatabaseSwift in Frameworks */,
				EAB5D2AB2AE9FC31008D42FC /* FirebaseFunctions in Frameworks */,
				EAB5D2C12AE9FC31008D42FC /* FirebaseStorageCombine-Community in Frameworks */,
				EAB5D2BB2AE9FC31008D42FC /* FirebaseRemoteConfig in Frameworks */,
				EAB5D2972AE9FC31008D42FC /* FirebaseAppDistribution-Beta in Frameworks */,
				EAB5D29B2AE9FC31008D42FC /* FirebaseAuthCombine-Community in Frameworks */,
				EAB5D2B92AE9FC31008D42FC /* FirebasePerformance in Frameworks */,
				EAB5D2B12AE9FC31008D42FC /* FirebaseInAppMessagingSwift-Beta in Frameworks */,
				EAB5D2BF2AE9FC31008D42FC /* FirebaseStorage in Frameworks */,
				EAB5D2A32AE9FC31008D42FC /* FirebaseDynamicLinks in Frameworks */,
				EAB5D2A72AE9FC31008D42FC /* FirebaseFirestoreCombine-Community in Frameworks */,
				EAB5D2B72AE9FC31008D42FC /* FirebaseMessaging in Frameworks */,
				EAB5D2B32AE9FC31008D42FC /* FirebaseInstallations in Frameworks */,
			);
			runOnlyForDeploymentPostprocessing = 0;
		};
/* End PBXFrameworksBuildPhase section */

/* Begin PBXGroup section */
		EA07ED162AE1FE58003AD72B = {
			isa = PBXGroup;
			children = (
				EA07ED212AE1FE58003AD72B /* Peer2Peer */,
				EA07ED202AE1FE58003AD72B /* Products */,
			);
			sourceTree = "<group>";
		};
		EA07ED202AE1FE58003AD72B /* Products */ = {
			isa = PBXGroup;
			children = (
				EA07ED1F2AE1FE58003AD72B /* Peer2Peer.app */,
			);
			name = Products;
			sourceTree = "<group>";
		};
		EA07ED212AE1FE58003AD72B /* Peer2Peer */ = {
			isa = PBXGroup;
			children = (
				EA07ED332AE1FE8B003AD72B /* App */,
				EA07ED322AE1FE86003AD72B /* Components */,
				EA07ED312AE1FE83003AD72B /* Core */,
				EA07ED302AE1FE7D003AD72B /* Model */,
				EA07ED262AE1FE59003AD72B /* Assets.xcassets */,
				EA07ED282AE1FE59003AD72B /* Preview Content */,
			);
			path = Peer2Peer;
			sourceTree = "<group>";
		};
		EA07ED282AE1FE59003AD72B /* Preview Content */ = {
			isa = PBXGroup;
			children = (
				EA07ED292AE1FE59003AD72B /* Preview Assets.xcassets */,
				EAE37AA12C65547A00C6DA2D /* GoogleService-Info.plist */,
			);
			path = "Preview Content";
			sourceTree = "<group>";
		};
		EA07ED302AE1FE7D003AD72B /* Model */ = {
			isa = PBXGroup;
			children = (
				EA5988932AE75D7D00B033A1 /* User.swift */,
			);
			path = Model;
			sourceTree = "<group>";
		};
		EA07ED312AE1FE83003AD72B /* Core */ = {
			isa = PBXGroup;
			children = (
				EA07ED362AE1FEEF003AD72B /* Authentication */,
				EA07ED352AE1FEE8003AD72B /* Profile */,
				EA07ED342AE1FED8003AD72B /* Root */,
			);
			path = Core;
			sourceTree = "<group>";
		};
		EA07ED322AE1FE86003AD72B /* Components */ = {
			isa = PBXGroup;
			children = (
				EA34C7C92AE60BDF00FCED81 /* InputView.swift */,
				EA5988912AE72A9F00B033A1 /* SettingsRowView.swift */,
			);
			path = Components;
			sourceTree = "<group>";
		};
		EA07ED332AE1FE8B003AD72B /* App */ = {
			isa = PBXGroup;
			children = (
				EA07ED222AE1FE58003AD72B /* Peer2PeerApp.swift */,
			);
			path = App;
			sourceTree = "<group>";
		};
		EA07ED342AE1FED8003AD72B /* Root */ = {
			isa = PBXGroup;
			children = (
				EA07ED242AE1FE58003AD72B /* ContentView.swift */,
			);
			path = Root;
			sourceTree = "<group>";
		};
		EA07ED352AE1FEE8003AD72B /* Profile */ = {
			isa = PBXGroup;
			children = (
				EA59888F2AE7287300B033A1 /* ProfileView.swift */,
			);
			path = Profile;
			sourceTree = "<group>";
		};
		EA07ED362AE1FEEF003AD72B /* Authentication */ = {
			isa = PBXGroup;
			children = (
				EAB5D2C22AE9FCEA008D42FC /* View */,
				EAB5D2C32AE9FD29008D42FC /* ViewModel */,
			);
			path = Authentication;
			sourceTree = "<group>";
		};
		EAB5D2C22AE9FCEA008D42FC /* View */ = {
			isa = PBXGroup;
			children = (
				EA07ED372AE1FF30003AD72B /* LoginView.swift */,
				EA59888D2AE722E900B033A1 /* RegistrationView.swift */,
			);
			path = View;
			sourceTree = "<group>";
		};
		EAB5D2C32AE9FD29008D42FC /* ViewModel */ = {
			isa = PBXGroup;
			children = (
				EAB5D2C42AE9FD69008D42FC /* AuthViewModel.swift */,
			);
			path = ViewModel;
			sourceTree = "<group>";
		};
/* End PBXGroup section */

/* Begin PBXNativeTarget section */
		EA07ED1E2AE1FE58003AD72B /* Peer2Peer */ = {
			isa = PBXNativeTarget;
			buildConfigurationList = EA07ED2D2AE1FE59003AD72B /* Build configuration list for PBXNativeTarget "Peer2Peer" */;
			buildPhases = (
				EA07ED1B2AE1FE58003AD72B /* Sources */,
				EA07ED1C2AE1FE58003AD72B /* Frameworks */,
				EA07ED1D2AE1FE58003AD72B /* Resources */,
			);
			buildRules = (
			);
			dependencies = (
			);
			name = Peer2Peer;
			packageProductDependencies = (
				EAB5D28C2AE9FC31008D42FC /* FirebaseAnalytics */,
				EAB5D28E2AE9FC31008D42FC /* FirebaseAnalyticsOnDeviceConversion */,
				EAB5D2902AE9FC31008D42FC /* FirebaseAnalyticsSwift */,
				EAB5D2922AE9FC31008D42FC /* FirebaseAnalyticsWithoutAdIdSupport */,
				EAB5D2942AE9FC31008D42FC /* FirebaseAppCheck */,
				EAB5D2962AE9FC31008D42FC /* FirebaseAppDistribution-Beta */,
				EAB5D2982AE9FC31008D42FC /* FirebaseAuth */,
				EAB5D29A2AE9FC31008D42FC /* FirebaseAuthCombine-Community */,
				EAB5D29C2AE9FC31008D42FC /* FirebaseCrashlytics */,
				EAB5D29E2AE9FC31008D42FC /* FirebaseDatabase */,
				EAB5D2A02AE9FC31008D42FC /* FirebaseDatabaseSwift */,
				EAB5D2A22AE9FC31008D42FC /* FirebaseDynamicLinks */,
				EAB5D2A42AE9FC31008D42FC /* FirebaseFirestore */,
				EAB5D2A62AE9FC31008D42FC /* FirebaseFirestoreCombine-Community */,
				EAB5D2A82AE9FC31008D42FC /* FirebaseFirestoreSwift */,
				EAB5D2AA2AE9FC31008D42FC /* FirebaseFunctions */,
				EAB5D2AC2AE9FC31008D42FC /* FirebaseFunctionsCombine-Community */,
				EAB5D2AE2AE9FC31008D42FC /* FirebaseInAppMessaging-Beta */,
				EAB5D2B02AE9FC31008D42FC /* FirebaseInAppMessagingSwift-Beta */,
				EAB5D2B22AE9FC31008D42FC /* FirebaseInstallations */,
				EAB5D2B42AE9FC31008D42FC /* FirebaseMLModelDownloader */,
				EAB5D2B62AE9FC31008D42FC /* FirebaseMessaging */,
				EAB5D2B82AE9FC31008D42FC /* FirebasePerformance */,
				EAB5D2BA2AE9FC31008D42FC /* FirebaseRemoteConfig */,
				EAB5D2BC2AE9FC31008D42FC /* FirebaseRemoteConfigSwift */,
				EAB5D2BE2AE9FC31008D42FC /* FirebaseStorage */,
				EAB5D2C02AE9FC31008D42FC /* FirebaseStorageCombine-Community */,
			);
			productName = Peer2Peer;
			productReference = EA07ED1F2AE1FE58003AD72B /* Peer2Peer.app */;
			productType = "com.apple.product-type.application";
		};
/* End PBXNativeTarget section */

/* Begin PBXProject section */
		EA07ED172AE1FE58003AD72B /* Project object */ = {
			isa = PBXProject;
			attributes = {
				BuildIndependentTargetsInParallel = 1;
				LastSwiftUpdateCheck = 1500;
				LastUpgradeCheck = 1500;
				TargetAttributes = {
					EA07ED1E2AE1FE58003AD72B = {
						CreatedOnToolsVersion = 15.0;
					};
				};
			};
			buildConfigurationList = EA07ED1A2AE1FE58003AD72B /* Build configuration list for PBXProject "Peer2Peer" */;
			compatibilityVersion = "Xcode 14.0";
			developmentRegion = en;
			hasScannedForEncodings = 0;
			knownRegions = (
				en,
				Base,
			);
			mainGroup = EA07ED162AE1FE58003AD72B;
			packageReferences = (
				EAB5D28B2AE9FC31008D42FC /* XCRemoteSwiftPackageReference "firebase-ios-sdk" */,
			);
			productRefGroup = EA07ED202AE1FE58003AD72B /* Products */;
			projectDirPath = "";
			projectRoot = "";
			targets = (
				EA07ED1E2AE1FE58003AD72B /* Peer2Peer */,
			);
		};
/* End PBXProject section */

/* Begin PBXResourcesBuildPhase section */
		EA07ED1D2AE1FE58003AD72B /* Resources */ = {
			isa = PBXResourcesBuildPhase;
			buildActionMask = 2147483647;
			files = (
				EA07ED2A2AE1FE59003AD72B /* Preview Assets.xcassets in Resources */,
				EA07ED272AE1FE59003AD72B /* Assets.xcassets in Resources */,
				EAE37AA22C65547A00C6DA2D /* GoogleService-Info.plist in Resources */,
			);
			runOnlyForDeploymentPostprocessing = 0;
		};
/* End PBXResourcesBuildPhase section */

/* Begin PBXSourcesBuildPhase section */
		EA07ED1B2AE1FE58003AD72B /* Sources */ = {
			isa = PBXSourcesBuildPhase;
			buildActionMask = 2147483647;
			files = (
				EA07ED382AE1FF30003AD72B /* LoginView.swift in Sources */,
				EA34C7CA2AE60BDF00FCED81 /* InputView.swift in Sources */,
				EA07ED252AE1FE58003AD72B /* ContentView.swift in Sources */,
				EA07ED232AE1FE58003AD72B /* Peer2PeerApp.swift in Sources */,
				EA5988942AE75D7D00B033A1 /* User.swift in Sources */,
				EA5988902AE7287300B033A1 /* ProfileView.swift in Sources */,
				EA59888E2AE722E900B033A1 /* RegistrationView.swift in Sources */,
				EA5988922AE72A9F00B033A1 /* SettingsRowView.swift in Sources */,
				EAB5D2C52AE9FD69008D42FC /* AuthViewModel.swift in Sources */,
			);
			runOnlyForDeploymentPostprocessing = 0;
		};
/* End PBXSourcesBuildPhase section */

/* Begin XCBuildConfiguration section */
		EA07ED2B2AE1FE59003AD72B /* Debug */ = {
			isa = XCBuildConfiguration;
			buildSettings = {
				ALWAYS_SEARCH_USER_PATHS = NO;
				ASSETCATALOG_COMPILER_GENERATE_SWIFT_ASSET_SYMBOL_EXTENSIONS = YES;
				CLANG_ANALYZER_NONNULL = YES;
				CLANG_ANALYZER_NUMBER_OBJECT_CONVERSION = YES_AGGRESSIVE;
				CLANG_CXX_LANGUAGE_STANDARD = "gnu++20";
				CLANG_ENABLE_MODULES = YES;
				CLANG_ENABLE_OBJC_ARC = YES;
				CLANG_ENABLE_OBJC_WEAK = YES;
				CLANG_WARN_BLOCK_CAPTURE_AUTORELEASING = YES;
				CLANG_WARN_BOOL_CONVERSION = YES;
				CLANG_WARN_COMMA = YES;
				CLANG_WARN_CONSTANT_CONVERSION = YES;
				CLANG_WARN_DEPRECATED_OBJC_IMPLEMENTATIONS = YES;
				CLANG_WARN_DIRECT_OBJC_ISA_USAGE = YES_ERROR;
				CLANG_WARN_DOCUMENTATION_COMMENTS = YES;
				CLANG_WARN_EMPTY_BODY = YES;
				CLANG_WARN_ENUM_CONVERSION = YES;
				CLANG_WARN_INFINITE_RECURSION = YES;
				CLANG_WARN_INT_CONVERSION = YES;
				CLANG_WARN_NON_LITERAL_NULL_CONVERSION = YES;
				CLANG_WARN_OBJC_IMPLICIT_RETAIN_SELF = YES;
				CLANG_WARN_OBJC_LITERAL_CONVERSION = YES;
				CLANG_WARN_OBJC_ROOT_CLASS = YES_ERROR;
				CLANG_WARN_QUOTED_INCLUDE_IN_FRAMEWORK_HEADER = YES;
				CLANG_WARN_RANGE_LOOP_ANALYSIS = YES;
				CLANG_WARN_STRICT_PROTOTYPES = YES;
				CLANG_WARN_SUSPICIOUS_MOVE = YES;
				CLANG_WARN_UNGUARDED_AVAILABILITY = YES_AGGRESSIVE;
				CLANG_WARN_UNREACHABLE_CODE = YES;
				CLANG_WARN__DUPLICATE_METHOD_MATCH = YES;
				COPY_PHASE_STRIP = NO;
				DEBUG_INFORMATION_FORMAT = dwarf;
				ENABLE_STRICT_OBJC_MSGSEND = YES;
				ENABLE_TESTABILITY = YES;
				ENABLE_USER_SCRIPT_SANDBOXING = YES;
				GCC_C_LANGUAGE_STANDARD = gnu17;
				GCC_DYNAMIC_NO_PIC = NO;
				GCC_NO_COMMON_BLOCKS = YES;
				GCC_OPTIMIZATION_LEVEL = 0;
				GCC_PREPROCESSOR_DEFINITIONS = (
					"DEBUG=1",
					"$(inherited)",
				);
				GCC_WARN_64_TO_32_BIT_CONVERSION = YES;
				GCC_WARN_ABOUT_RETURN_TYPE = YES_ERROR;
				GCC_WARN_UNDECLARED_SELECTOR = YES;
				GCC_WARN_UNINITIALIZED_AUTOS = YES_AGGRESSIVE;
				GCC_WARN_UNUSED_FUNCTION = YES;
				GCC_WARN_UNUSED_VARIABLE = YES;
				IPHONEOS_DEPLOYMENT_TARGET = 17.0;
				LOCALIZATION_PREFERS_STRING_CATALOGS = YES;
				MTL_ENABLE_DEBUG_INFO = INCLUDE_SOURCE;
				MTL_FAST_MATH = YES;
				ONLY_ACTIVE_ARCH = YES;
				SDKROOT = iphoneos;
				SWIFT_ACTIVE_COMPILATION_CONDITIONS = "DEBUG $(inherited)";
				SWIFT_OPTIMIZATION_LEVEL = "-Onone";
			};
			name = Debug;
		};
		EA07ED2C2AE1FE59003AD72B /* Release */ = {
			isa = XCBuildConfiguration;
			buildSettings = {
				ALWAYS_SEARCH_USER_PATHS = NO;
				ASSETCATALOG_COMPILER_GENERATE_SWIFT_ASSET_SYMBOL_EXTENSIONS = YES;
				CLANG_ANALYZER_NONNULL = YES;
				CLANG_ANALYZER_NUMBER_OBJECT_CONVERSION = YES_AGGRESSIVE;
				CLANG_CXX_LANGUAGE_STANDARD = "gnu++20";
				CLANG_ENABLE_MODULES = YES;
				CLANG_ENABLE_OBJC_ARC = YES;
				CLANG_ENABLE_OBJC_WEAK = YES;
				CLANG_WARN_BLOCK_CAPTURE_AUTORELEASING = YES;
				CLANG_WARN_BOOL_CONVERSION = YES;
				CLANG_WARN_COMMA = YES;
				CLANG_WARN_CONSTANT_CONVERSION = YES;
				CLANG_WARN_DEPRECATED_OBJC_IMPLEMENTATIONS = YES;
				CLANG_WARN_DIRECT_OBJC_ISA_USAGE = YES_ERROR;
				CLANG_WARN_DOCUMENTATION_COMMENTS = YES;
				CLANG_WARN_EMPTY_BODY = YES;
				CLANG_WARN_ENUM_CONVERSION = YES;
				CLANG_WARN_INFINITE_RECURSION = YES;
				CLANG_WARN_INT_CONVERSION = YES;
				CLANG_WARN_NON_LITERAL_NULL_CONVERSION = YES;
				CLANG_WARN_OBJC_IMPLICIT_RETAIN_SELF = YES;
				CLANG_WARN_OBJC_LITERAL_CONVERSION = YES;
				CLANG_WARN_OBJC_ROOT_CLASS = YES_ERROR;
				CLANG_WARN_QUOTED_INCLUDE_IN_FRAMEWORK_HEADER = YES;
				CLANG_WARN_RANGE_LOOP_ANALYSIS = YES;
				CLANG_WARN_STRICT_PROTOTYPES = YES;
				CLANG_WARN_SUSPICIOUS_MOVE = YES;
				CLANG_WARN_UNGUARDED_AVAILABILITY = YES_AGGRESSIVE;
				CLANG_WARN_UNREACHABLE_CODE = YES;
				CLANG_WARN__DUPLICATE_METHOD_MATCH = YES;
				COPY_PHASE_STRIP = NO;
				DEBUG_INFORMATION_FORMAT = "dwarf-with-dsym";
				ENABLE_NS_ASSERTIONS = NO;
				ENABLE_STRICT_OBJC_MSGSEND = YES;
				ENABLE_USER_SCRIPT_SANDBOXING = YES;
				GCC_C_LANGUAGE_STANDARD = gnu17;
				GCC_NO_COMMON_BLOCKS = YES;
				GCC_WARN_64_TO_32_BIT_CONVERSION = YES;
				GCC_WARN_ABOUT_RETURN_TYPE = YES_ERROR;
				GCC_WARN_UNDECLARED_SELECTOR = YES;
				GCC_WARN_UNINITIALIZED_AUTOS = YES_AGGRESSIVE;
				GCC_WARN_UNUSED_FUNCTION = YES;
				GCC_WARN_UNUSED_VARIABLE = YES;
				IPHONEOS_DEPLOYMENT_TARGET = 17.0;
				LOCALIZATION_PREFERS_STRING_CATALOGS = YES;
				MTL_ENABLE_DEBUG_INFO = NO;
				MTL_FAST_MATH = YES;
				SDKROOT = iphoneos;
				SWIFT_COMPILATION_MODE = wholemodule;
				VALIDATE_PRODUCT = YES;
			};
			name = Release;
		};
		EA07ED2E2AE1FE59003AD72B /* Debug */ = {
			isa = XCBuildConfiguration;
			buildSettings = {
				ASSETCATALOG_COMPILER_APPICON_NAME = AppIcon;
				ASSETCATALOG_COMPILER_GLOBAL_ACCENT_COLOR_NAME = AccentColor;
				CODE_SIGN_STYLE = Automatic;
				CURRENT_PROJECT_VERSION = 1;
				DEVELOPMENT_ASSET_PATHS = "\"Peer2Peer/Preview Content\"";
				DEVELOPMENT_TEAM = 93T9AT2QKK;
				ENABLE_PREVIEWS = YES;
				GENERATE_INFOPLIST_FILE = YES;
				INFOPLIST_KEY_UIApplicationSceneManifest_Generation = YES;
				INFOPLIST_KEY_UIApplicationSupportsIndirectInputEvents = YES;
				INFOPLIST_KEY_UILaunchScreen_Generation = YES;
				INFOPLIST_KEY_UISupportedInterfaceOrientations_iPad = "UIInterfaceOrientationPortrait UIInterfaceOrientationPortraitUpsideDown UIInterfaceOrientationLandscapeLeft UIInterfaceOrientationLandscapeRight";
				INFOPLIST_KEY_UISupportedInterfaceOrientations_iPhone = "UIInterfaceOrientationPortrait UIInterfaceOrientationLandscapeLeft UIInterfaceOrientationLandscapeRight";
				LD_RUNPATH_SEARCH_PATHS = (
					"$(inherited)",
					"@executable_path/Frameworks",
				);
				MARKETING_VERSION = 1.0;
				PRODUCT_BUNDLE_IDENTIFIER = com.Saahir.Opti;
				PRODUCT_NAME = "$(TARGET_NAME)";
				SWIFT_EMIT_LOC_STRINGS = YES;
				SWIFT_VERSION = 5.0;
				TARGETED_DEVICE_FAMILY = "1,2";
			};
			name = Debug;
		};
		EA07ED2F2AE1FE59003AD72B /* Release */ = {
			isa = XCBuildConfiguration;
			buildSettings = {
				ASSETCATALOG_COMPILER_APPICON_NAME = AppIcon;
				ASSETCATALOG_COMPILER_GLOBAL_ACCENT_COLOR_NAME = AccentColor;
				CODE_SIGN_STYLE = Automatic;
				CURRENT_PROJECT_VERSION = 1;
				DEVELOPMENT_ASSET_PATHS = "\"Peer2Peer/Preview Content\"";
				DEVELOPMENT_TEAM = 93T9AT2QKK;
				ENABLE_PREVIEWS = YES;
				GENERATE_INFOPLIST_FILE = YES;
				INFOPLIST_KEY_UIApplicationSceneManifest_Generation = YES;
				INFOPLIST_KEY_UIApplicationSupportsIndirectInputEvents = YES;
				INFOPLIST_KEY_UILaunchScreen_Generation = YES;
				INFOPLIST_KEY_UISupportedInterfaceOrientations_iPad = "UIInterfaceOrientationPortrait UIInterfaceOrientationPortraitUpsideDown UIInterfaceOrientationLandscapeLeft UIInterfaceOrientationLandscapeRight";
				INFOPLIST_KEY_UISupportedInterfaceOrientations_iPhone = "UIInterfaceOrientationPortrait UIInterfaceOrientationLandscapeLeft UIInterfaceOrientationLandscapeRight";
				LD_RUNPATH_SEARCH_PATHS = (
					"$(inherited)",
					"@executable_path/Frameworks",
				);
				MARKETING_VERSION = 1.0;
				PRODUCT_BUNDLE_IDENTIFIER = com.Saahir.Opti;
				PRODUCT_NAME = "$(TARGET_NAME)";
				SWIFT_EMIT_LOC_STRINGS = YES;
				SWIFT_VERSION = 5.0;
				TARGETED_DEVICE_FAMILY = "1,2";
			};
			name = Release;
		};
/* End XCBuildConfiguration section */

/* Begin XCConfigurationList section */
		EA07ED1A2AE1FE58003AD72B /* Build configuration list for PBXProject "Peer2Peer" */ = {
			isa = XCConfigurationList;
			buildConfigurations = (
				EA07ED2B2AE1FE59003AD72B /* Debug */,
				EA07ED2C2AE1FE59003AD72B /* Release */,
			);
			defaultConfigurationIsVisible = 0;
			defaultConfigurationName = Release;
		};
		EA07ED2D2AE1FE59003AD72B /* Build configuration list for PBXNativeTarget "Peer2Peer" */ = {
			isa = XCConfigurationList;
			buildConfigurations = (
				EA07ED2E2AE1FE59003AD72B /* Debug */,
				EA07ED2F2AE1FE59003AD72B /* Release */,
			);
			defaultConfigurationIsVisible = 0;
			defaultConfigurationName = Release;
		};
/* End XCConfigurationList section */

/* Begin XCRemoteSwiftPackageReference section */
		EAB5D28B2AE9FC31008D42FC /* XCRemoteSwiftPackageReference "firebase-ios-sdk" */ = {
			isa = XCRemoteSwiftPackageReference;
			repositoryURL = "https://github.com/firebase/firebase-ios-sdk";
			requirement = {
				kind = upToNextMajorVersion;
				minimumVersion = 10.16.0;
			};
		};
/* End XCRemoteSwiftPackageReference section */

/* Begin XCSwiftPackageProductDependency section */
		EAB5D28C2AE9FC31008D42FC /* FirebaseAnalytics */ = {
			isa = XCSwiftPackageProductDependency;
			package = EAB5D28B2AE9FC31008D42FC /* XCRemoteSwiftPackageReference "firebase-ios-sdk" */;
			productName = FirebaseAnalytics;
		};
		EAB5D28E2AE9FC31008D42FC /* FirebaseAnalyticsOnDeviceConversion */ = {
			isa = XCSwiftPackageProductDependency;
			package = EAB5D28B2AE9FC31008D42FC /* XCRemoteSwiftPackageReference "firebase-ios-sdk" */;
			productName = FirebaseAnalyticsOnDeviceConversion;
		};
		EAB5D2902AE9FC31008D42FC /* FirebaseAnalyticsSwift */ = {
			isa = XCSwiftPackageProductDependency;
			package = EAB5D28B2AE9FC31008D42FC /* XCRemoteSwiftPackageReference "firebase-ios-sdk" */;
			productName = FirebaseAnalyticsSwift;
		};
		EAB5D2922AE9FC31008D42FC /* FirebaseAnalyticsWithoutAdIdSupport */ = {
			isa = XCSwiftPackageProductDependency;
			package = EAB5D28B2AE9FC31008D42FC /* XCRemoteSwiftPackageReference "firebase-ios-sdk" */;
			productName = FirebaseAnalyticsWithoutAdIdSupport;
		};
		EAB5D2942AE9FC31008D42FC /* FirebaseAppCheck */ = {
			isa = XCSwiftPackageProductDependency;
			package = EAB5D28B2AE9FC31008D42FC /* XCRemoteSwiftPackageReference "firebase-ios-sdk" */;
			productName = FirebaseAppCheck;
		};
		EAB5D2962AE9FC31008D42FC /* FirebaseAppDistribution-Beta */ = {
			isa = XCSwiftPackageProductDependency;
			package = EAB5D28B2AE9FC31008D42FC /* XCRemoteSwiftPackageReference "firebase-ios-sdk" */;
			productName = "FirebaseAppDistribution-Beta";
		};
		EAB5D2982AE9FC31008D42FC /* FirebaseAuth */ = {
			isa = XCSwiftPackageProductDependency;
			package = EAB5D28B2AE9FC31008D42FC /* XCRemoteSwiftPackageReference "firebase-ios-sdk" */;
			productName = FirebaseAuth;
		};
		EAB5D29A2AE9FC31008D42FC /* FirebaseAuthCombine-Community */ = {
			isa = XCSwiftPackageProductDependency;
			package = EAB5D28B2AE9FC31008D42FC /* XCRemoteSwiftPackageReference "firebase-ios-sdk" */;
			productName = "FirebaseAuthCombine-Community";
		};
		EAB5D29C2AE9FC31008D42FC /* FirebaseCrashlytics */ = {
			isa = XCSwiftPackageProductDependency;
			package = EAB5D28B2AE9FC31008D42FC /* XCRemoteSwiftPackageReference "firebase-ios-sdk" */;
			productName = FirebaseCrashlytics;
		};
		EAB5D29E2AE9FC31008D42FC /* FirebaseDatabase */ = {
			isa = XCSwiftPackageProductDependency;
			package = EAB5D28B2AE9FC31008D42FC /* XCRemoteSwiftPackageReference "firebase-ios-sdk" */;
			productName = FirebaseDatabase;
		};
		EAB5D2A02AE9FC31008D42FC /* FirebaseDatabaseSwift */ = {
			isa = XCSwiftPackageProductDependency;
			package = EAB5D28B2AE9FC31008D42FC /* XCRemoteSwiftPackageReference "firebase-ios-sdk" */;
			productName = FirebaseDatabaseSwift;
		};
		EAB5D2A22AE9FC31008D42FC /* FirebaseDynamicLinks */ = {
			isa = XCSwiftPackageProductDependency;
			package = EAB5D28B2AE9FC31008D42FC /* XCRemoteSwiftPackageReference "firebase-ios-sdk" */;
			productName = FirebaseDynamicLinks;
		};
		EAB5D2A42AE9FC31008D42FC /* FirebaseFirestore */ = {
			isa = XCSwiftPackageProductDependency;
			package = EAB5D28B2AE9FC31008D42FC /* XCRemoteSwiftPackageReference "firebase-ios-sdk" */;
			productName = FirebaseFirestore;
		};
		EAB5D2A62AE9FC31008D42FC /* FirebaseFirestoreCombine-Community */ = {
			isa = XCSwiftPackageProductDependency;
			package = EAB5D28B2AE9FC31008D42FC /* XCRemoteSwiftPackageReference "firebase-ios-sdk" */;
			productName = "FirebaseFirestoreCombine-Community";
		};
		EAB5D2A82AE9FC31008D42FC /* FirebaseFirestoreSwift */ = {
			isa = XCSwiftPackageProductDependency;
			package = EAB5D28B2AE9FC31008D42FC /* XCRemoteSwiftPackageReference "firebase-ios-sdk" */;
			productName = FirebaseFirestoreSwift;
		};
		EAB5D2AA2AE9FC31008D42FC /* FirebaseFunctions */ = {
			isa = XCSwiftPackageProductDependency;
			package = EAB5D28B2AE9FC31008D42FC /* XCRemoteSwiftPackageReference "firebase-ios-sdk" */;
			productName = FirebaseFunctions;
		};
		EAB5D2AC2AE9FC31008D42FC /* FirebaseFunctionsCombine-Community */ = {
			isa = XCSwiftPackageProductDependency;
			package = EAB5D28B2AE9FC31008D42FC /* XCRemoteSwiftPackageReference "firebase-ios-sdk" */;
			productName = "FirebaseFunctionsCombine-Community";
		};
		EAB5D2AE2AE9FC31008D42FC /* FirebaseInAppMessaging-Beta */ = {
			isa = XCSwiftPackageProductDependency;
			package = EAB5D28B2AE9FC31008D42FC /* XCRemoteSwiftPackageReference "firebase-ios-sdk" */;
			productName = "FirebaseInAppMessaging-Beta";
		};
		EAB5D2B02AE9FC31008D42FC /* FirebaseInAppMessagingSwift-Beta */ = {
			isa = XCSwiftPackageProductDependency;
			package = EAB5D28B2AE9FC31008D42FC /* XCRemoteSwiftPackageReference "firebase-ios-sdk" */;
			productName = "FirebaseInAppMessagingSwift-Beta";
		};
		EAB5D2B22AE9FC31008D42FC /* FirebaseInstallations */ = {
			isa = XCSwiftPackageProductDependency;
			package = EAB5D28B2AE9FC31008D42FC /* XCRemoteSwiftPackageReference "firebase-ios-sdk" */;
			productName = FirebaseInstallations;
		};
		EAB5D2B42AE9FC31008D42FC /* FirebaseMLModelDownloader */ = {
			isa = XCSwiftPackageProductDependency;
			package = EAB5D28B2AE9FC31008D42FC /* XCRemoteSwiftPackageReference "firebase-ios-sdk" */;
			productName = FirebaseMLModelDownloader;
		};
		EAB5D2B62AE9FC31008D42FC /* FirebaseMessaging */ = {
			isa = XCSwiftPackageProductDependency;
			package = EAB5D28B2AE9FC31008D42FC /* XCRemoteSwiftPackageReference "firebase-ios-sdk" */;
			productName = FirebaseMessaging;
		};
		EAB5D2B82AE9FC31008D42FC /* FirebasePerformance */ = {
			isa = XCSwiftPackageProductDependency;
			package = EAB5D28B2AE9FC31008D42FC /* XCRemoteSwiftPackageReference "firebase-ios-sdk" */;
			productName = FirebasePerformance;
		};
		EAB5D2BA2AE9FC31008D42FC /* FirebaseRemoteConfig */ = {
			isa = XCSwiftPackageProductDependency;
			package = EAB5D28B2AE9FC31008D42FC /* XCRemoteSwiftPackageReference "firebase-ios-sdk" */;
			productName = FirebaseRemoteConfig;
		};
		EAB5D2BC2AE9FC31008D42FC /* FirebaseRemoteConfigSwift */ = {
			isa = XCSwiftPackageProductDependency;
			package = EAB5D28B2AE9FC31008D42FC /* XCRemoteSwiftPackageReference "firebase-ios-sdk" */;
			productName = FirebaseRemoteConfigSwift;
		};
		EAB5D2BE2AE9FC31008D42FC /* FirebaseStorage */ = {
			isa = XCSwiftPackageProductDependency;
			package = EAB5D28B2AE9FC31008D42FC /* XCRemoteSwiftPackageReference "firebase-ios-sdk" */;
			productName = FirebaseStorage;
		};
		EAB5D2C02AE9FC31008D42FC /* FirebaseStorageCombine-Community */ = {
			isa = XCSwiftPackageProductDependency;
			package = EAB5D28B2AE9FC31008D42FC /* XCRemoteSwiftPackageReference "firebase-ios-sdk" */;
			productName = "FirebaseStorageCombine-Community";
		};
/* End XCSwiftPackageProductDependency section */
	};
	rootObject = EA07ED172AE1FE58003AD72B /* Project object */;
}
